
Microsoft Visual Studio Solution File, Format Version 12.00
Project("{FAE04EC0-301F-11D3-BF4B-00C04F79EFBC}") = "DatabaseFirst.PostgreSql", "DatabaseFirst.PostgreSql\DatabaseFirst.PostgreSql.csproj", "{DA617D80-C6A2-4D99-B8B1-1210BBC2E176}"
EndProject
Global
	GlobalSection(SolutionConfigurationPlatforms) = preSolution
		Debug|Any CPU = Debug|Any CPU
		Release|Any CPU = Release|Any CPU
	EndGlobalSection
	GlobalSection(ProjectConfigurationPlatforms) = postSolution
		{DA617D80-C6A2-4D99-B8B1-1210BBC2E176}.Debug|Any CPU.ActiveCfg = Debug|Any CPU
		{DA617D80-C6A2-4D99-B8B1-1210BBC2E176}.Debug|Any CPU.Build.0 = Debug|Any CPU
		{DA617D80-C6A2-4D99-B8B1-1210BBC2E176}.Release|Any CPU.ActiveCfg = Release|Any CPU
		{DA617D80-C6A2-4D99-B8B1-1210BBC2E176}.Release|Any CPU.Build.0 = Release|Any CPU
	EndGlobalSection
EndGlobal
